
Microsoft Visual Studio Solution File, Format Version 12.00
# Visual Studio Version 17
VisualStudioVersion = 17.0.31903.59
MinimumVisualStudioVersion = 10.0.40219.1
Project("{FAE04EC0-301F-11D3-BF4B-00C04F79EFBC}") = "kata-haloween", "kata-haloween\kata-haloween.csproj", "{37921CDB-9E88-44AB-BDE0-852BB4A83AA7}"
EndProject
Project("{FAE04EC0-301F-11D3-BF4B-00C04F79EFBC}") = "Test", "Test\Test.csproj", "{320BDE2C-0ABA-407E-B698-A99C1A2BC175}"
EndProject
Global
	GlobalSection(SolutionConfigurationPlatforms) = preSolution
		Debug|Any CPU = Debug|Any CPU
		Release|Any CPU = Release|Any CPU
	EndGlobalSection
	GlobalSection(SolutionProperties) = preSolution
		HideSolutionNode = FALSE
	EndGlobalSection
	GlobalSection(ProjectConfigurationPlatforms) = postSolution
		{37921CDB-9E88-44AB-BDE0-852BB4A83AA7}.Debug|Any CPU.ActiveCfg = Debug|Any CPU
		{37921CDB-9E88-44AB-BDE0-852BB4A83AA7}.Debug|Any CPU.Build.0 = Debug|Any CPU
		{37921CDB-9E88-44AB-BDE0-852BB4A83AA7}.Release|Any CPU.ActiveCfg = Release|Any CPU
		{37921CDB-9E88-44AB-BDE0-852BB4A83AA7}.Release|Any CPU.Build.0 = Release|Any CPU
		{320BDE2C-0ABA-407E-B698-A99C1A2BC175}.Debug|Any CPU.ActiveCfg = Debug|Any CPU
		{320BDE2C-0ABA-407E-B698-A99C1A2BC175}.Debug|Any CPU.Build.0 = Debug|Any CPU
		{320BDE2C-0ABA-407E-B698-A99C1A2BC175}.Release|Any CPU.ActiveCfg = Release|Any CPU
		{320BDE2C-0ABA-407E-B698-A99C1A2BC175}.Release|Any CPU.Build.0 = Release|Any CPU
	EndGlobalSection
EndGlobal
